version = 1
revision = 3
requires-python = "==3.10.18"

[[package]]
name = "anyio"
version = "4.10.0"
source = { registry = "https://pypi.org/simple" }
dependencies = [
    { name = "exceptiongroup" },
    { name = "idna" },
    { name = "sniffio" },
    { name = "typing-extensions" },
]
sdist = { url = "https://files.pythonhosted.org/packages/f1/b4/636b3b65173d3ce9a38ef5f0522789614e590dab6a8d505340a4efe4c567/anyio-4.10.0.tar.gz", hash = "sha256:3f3fae35c96039744587aa5b8371e7e8e603c0702999535961dd336026973ba6", size = 213252, upload-time = "2025-08-04T08:54:26.451Z" }
wheels = [
    { url = "https://files.pythonhosted.org/packages/6f/12/e5e0282d673bb9746bacfb6e2dba8719989d3660cdb2ea79aee9a9651afb/anyio-4.10.0-py3-none-any.whl", hash = "sha256:60e474ac86736bbfd6f210f7a61218939c318f43f9972497381f1c5e930ed3d1", size = 107213, upload-time = "2025-08-04T08:54:24.882Z" },
]

[[package]]
name = "asgiref"
version = "3.9.1"
source = { registry = "https://pypi.org/simple" }
dependencies = [
    { name = "typing-extensions" },
]
sdist = { url = "https://files.pythonhosted.org/packages/90/61/0aa957eec22ff70b830b22ff91f825e70e1ef732c06666a805730f28b36b/asgiref-3.9.1.tar.gz", hash = "sha256:a5ab6582236218e5ef1648f242fd9f10626cfd4de8dc377db215d5d5098e3142", size = 36870, upload-time = "2025-07-08T09:07:43.344Z" }
wheels = [
    { url = "https://files.pythonhosted.org/packages/7c/3c/0464dcada90d5da0e71018c04a140ad6349558afb30b3051b4264cc5b965/asgiref-3.9.1-py3-none-any.whl", hash = "sha256:f3bba7092a48005b5f5bacd747d36ee4a5a61f4a269a6df590b43144355ebd2c", size = 23790, upload-time = "2025-07-08T09:07:41.548Z" },
]

[[package]]
name = "click"
version = "8.2.1"
source = { registry = "https://pypi.org/simple" }
dependencies = [
    { name = "colorama", marker = "sys_platform == 'win32'" },
]
sdist = { url = "https://files.pythonhosted.org/packages/60/6c/8ca2efa64cf75a977a0d7fac081354553ebe483345c734fb6b6515d96bbc/click-8.2.1.tar.gz", hash = "sha256:27c491cc05d968d271d5a1db13e3b5a184636d9d930f148c50b038f0d0646202", size = 286342, upload-time = "2025-05-20T23:19:49.832Z" }
wheels = [
    { url = "https://files.pythonhosted.org/packages/85/32/10bb5764d90a8eee674e9dc6f4db6a0ab47c8c4d0d83c27f7c39ac415a4d/click-8.2.1-py3-none-any.whl", hash = "sha256:61a3265b914e850b85317d0b3109c7f8cd35a670f963866005d6ef1d5175a12b", size = 102215, upload-time = "2025-05-20T23:19:47.796Z" },
]

[[package]]
name = "colorama"
version = "0.4.6"
source = { registry = "https://pypi.org/simple" }
sdist = { url = "https://files.pythonhosted.org/packages/d8/53/6f443c9a4a8358a93a6792e2acffb9d9d5cb0a5cfd8802644b7b1c9a02e4/colorama-0.4.6.tar.gz", hash = "sha256:08695f5cb7ed6e0531a20572697297273c47b8cae5a63ffc6d6ed5c201be6e44", size = 27697, upload-time = "2022-10-25T02:36:22.414Z" }
wheels = [
    { url = "https://files.pythonhosted.org/packages/d1/d6/3965ed04c63042e047cb6a3e6ed1a63a35087b6a609aa3a15ed8ac56c221/colorama-0.4.6-py2.py3-none-any.whl", hash = "sha256:4f1d9991f5acc0ca119f9d443620b77f9d6b33703e51011c16baf57afb285fc6", size = 25335, upload-time = "2022-10-25T02:36:20.889Z" },
]

[[package]]
name = "decorator"
version = "5.2.1"
source = { registry = "https://pypi.org/simple" }
sdist = { url = "https://files.pythonhosted.org/packages/43/fa/6d96a0978d19e17b68d634497769987b16c8f4cd0a7a05048bec693caa6b/decorator-5.2.1.tar.gz", hash = "sha256:65f266143752f734b0a7cc83c46f4618af75b8c5911b00ccb61d0ac9b6da0360", size = 56711, upload-time = "2025-02-24T04:41:34.073Z" }
wheels = [
    { url = "https://files.pythonhosted.org/packages/4e/8c/f3147f5c4b73e7550fe5f9352eaa956ae838d5c51eb58e7a25b9f3e2643b/decorator-5.2.1-py3-none-any.whl", hash = "sha256:d316bb415a2d9e2d2b3abcc4084c6502fc09240e292cd76a76afc106a1c8e04a", size = 9190, upload-time = "2025-02-24T04:41:32.565Z" },
]

[[package]]
name = "exceptiongroup"
version = "1.3.0"
source = { registry = "https://pypi.org/simple" }
dependencies = [
    { name = "typing-extensions" },
]
sdist = { url = "https://files.pythonhosted.org/packages/0b/9f/a65090624ecf468cdca03533906e7c69ed7588582240cfe7cc9e770b50eb/exceptiongroup-1.3.0.tar.gz", hash = "sha256:b241f5885f560bc56a59ee63ca4c6a8bfa46ae4ad651af316d4e81817bb9fd88", size = 29749, upload-time = "2025-05-10T17:42:51.123Z" }
wheels = [
    { url = "https://files.pythonhosted.org/packages/36/f4/c6e662dade71f56cd2f3735141b265c3c79293c109549c1e6933b0651ffc/exceptiongroup-1.3.0-py3-none-any.whl", hash = "sha256:4d111e6e0c13d0644cad6ddaa7ed0261a0b36971f6d23e7ec9b4b9097da78a10", size = 16674, upload-time = "2025-05-10T17:42:49.33Z" },
]

[[package]]
name = "fastapi"
version = "0.78.0"
source = { registry = "https://pypi.org/simple" }
dependencies = [
    { name = "pydantic" },
    { name = "starlette" },
]
sdist = { url = "https://files.pythonhosted.org/packages/b7/2a/4676736c3b1864ca483265db43cad9710b83a95c2530aa6bfe671b83fd46/fastapi-0.78.0.tar.gz", hash = "sha256:3233d4a789ba018578658e2af1a4bb5e38bdd122ff722b313666a9b2c6786a83", size = 6885176, upload-time = "2022-05-14T20:02:46.305Z" }
wheels = [
    { url = "https://files.pythonhosted.org/packages/61/0f/427f0af121b226e62237e430f5bf4485e0ae1565b3f5b782613b59f30abc/fastapi-0.78.0-py3-none-any.whl", hash = "sha256:15fcabd5c78c266fa7ae7d8de9b384bfc2375ee0503463a6febbe3bab69d6f65", size = 54596, upload-time = "2022-05-14T20:02:44.004Z" },
]

[[package]]
name = "greenlet"
version = "3.2.4"
source = { registry = "https://pypi.org/simple" }
sdist = { url = "https://files.pythonhosted.org/packages/03/b8/704d753a5a45507a7aab61f18db9509302ed3d0a27ac7e0359ec2905b1a6/greenlet-3.2.4.tar.gz", hash = "sha256:0dca0d95ff849f9a364385f36ab49f50065d76964944638be9691e1832e9f86d", size = 188260, upload-time = "2025-08-07T13:24:33.51Z" }
wheels = [
    { url = "https://files.pythonhosted.org/packages/7d/ed/6bfa4109fcb23a58819600392564fea69cdc6551ffd5e69ccf1d52a40cbc/greenlet-3.2.4-cp310-cp310-macosx_11_0_universal2.whl", hash = "sha256:8c68325b0d0acf8d91dde4e6f930967dd52a5302cd4062932a6b2e7c2969f47c", size = 271061, upload-time = "2025-08-07T13:17:15.373Z" },
    { url = "https://files.pythonhosted.org/packages/2a/fc/102ec1a2fc015b3a7652abab7acf3541d58c04d3d17a8d3d6a44adae1eb1/greenlet-3.2.4-cp310-cp310-manylinux2014_aarch64.manylinux_2_17_aarch64.whl", hash = "sha256:94385f101946790ae13da500603491f04a76b6e4c059dab271b3ce2e283b2590", size = 629475, upload-time = "2025-08-07T13:42:54.009Z" },
    { url = "https://files.pythonhosted.org/packages/c5/26/80383131d55a4ac0fb08d71660fd77e7660b9db6bdb4e8884f46d9f2cc04/greenlet-3.2.4-cp310-cp310-manylinux2014_ppc64le.manylinux_2_17_ppc64le.whl", hash = "sha256:f10fd42b5ee276335863712fa3da6608e93f70629c631bf77145021600abc23c", size = 640802, upload-time = "2025-08-07T13:45:25.52Z" },
    { url = "https://files.pythonhosted.org/packages/9f/7c/e7833dbcd8f376f3326bd728c845d31dcde4c84268d3921afcae77d90d08/greenlet-3.2.4-cp310-cp310-manylinux2014_s390x.manylinux_2_17_s390x.whl", hash = "sha256:c8c9e331e58180d0d83c5b7999255721b725913ff6bc6cf39fa2a45841a4fd4b", size = 636703, upload-time = "2025-08-07T13:53:12.622Z" },
    { url = "https://files.pythonhosted.org/packages/e9/49/547b93b7c0428ede7b3f309bc965986874759f7d89e4e04aeddbc9699acb/greenlet-3.2.4-cp310-cp310-manylinux2014_x86_64.manylinux_2_17_x86_64.whl", hash = "sha256:58b97143c9cc7b86fc458f215bd0932f1757ce649e05b640fea2e79b54cedb31", size = 635417, upload-time = "2025-08-07T13:18:25.189Z" },
    { url = "https://files.pythonhosted.org/packages/7f/91/ae2eb6b7979e2f9b035a9f612cf70f1bf54aad4e1d125129bef1eae96f19/greenlet-3.2.4-cp310-cp310-manylinux_2_24_x86_64.manylinux_2_28_x86_64.whl", hash = "sha256:c2ca18a03a8cfb5b25bc1cbe20f3d9a4c80d8c3b13ba3df49ac3961af0b1018d", size = 584358, upload-time = "2025-08-07T13:18:23.708Z" },
    { url = "https://files.pythonhosted.org/packages/f7/85/433de0c9c0252b22b16d413c9407e6cb3b41df7389afc366ca204dbc1393/greenlet-3.2.4-cp310-cp310-musllinux_1_1_aarch64.whl", hash = "sha256:9fe0a28a7b952a21e2c062cd5756d34354117796c6d9215a87f55e38d15402c5", size = 1113550, upload-time = "2025-08-07T13:42:37.467Z" },
    { url = "https://files.pythonhosted.org/packages/a1/8d/88f3ebd2bc96bf7747093696f4335a0a8a4c5acfcf1b757717c0d2474ba3/greenlet-3.2.4-cp310-cp310-musllinux_1_1_x86_64.whl", hash = "sha256:8854167e06950ca75b898b104b63cc646573aa5fef1353d4508ecdd1ee76254f", size = 1137126, upload-time = "2025-08-07T13:18:20.239Z" },
    { url = "https://files.pythonhosted.org/packages/d6/6f/b60b0291d9623c496638c582297ead61f43c4b72eef5e9c926ef4565ec13/greenlet-3.2.4-cp310-cp310-win_amd64.whl", hash = "sha256:73f49b5368b5359d04e18d15828eecc1806033db5233397748f4ca813ff1056c", size = 298654, upload-time = "2025-08-07T13:50:00.469Z" },
]

[[package]]
name = "h11"
version = "0.16.0"
source = { registry = "https://pypi.org/simple" }
sdist = { url = "https://files.pythonhosted.org/packages/01/ee/02a2c011bdab74c6fb3c75474d40b3052059d95df7e73351460c8588d963/h11-0.16.0.tar.gz", hash = "sha256:4e35b956cf45792e4caa5885e69fba00bdbc6ffafbfa020300e549b208ee5ff1", size = 101250, upload-time = "2025-04-24T03:35:25.427Z" }
wheels = [
    { url = "https://files.pythonhosted.org/packages/04/4b/29cac41a4d98d144bf5f6d33995617b185d14b22401f75ca86f384e87ff1/h11-0.16.0-py3-none-any.whl", hash = "sha256:63cf8bbe7522de3bf65932fda1d9c2772064ffb3dae62d55932da54b31cb6c86", size = 37515, upload-time = "2025-04-24T03:35:24.344Z" },
]

[[package]]
name = "idna"
version = "3.10"
source = { registry = "https://pypi.org/simple" }
sdist = { url = "https://files.pythonhosted.org/packages/f1/70/7703c29685631f5a7590aa73f1f1d3fa9a380e654b86af429e0934a32f7d/idna-3.10.tar.gz", hash = "sha256:12f65c9b470abda6dc35cf8e63cc574b1c52b11df2c86030af0ac09b01b13ea9", size = 190490, upload-time = "2024-09-15T18:07:39.745Z" }
wheels = [
    { url = "https://files.pythonhosted.org/packages/76/c6/c88e154df9c4e1a2a66ccf0005a88dfb2650c1dffb6f5ce603dfbd452ce3/idna-3.10-py3-none-any.whl", hash = "sha256:946d195a0d259cbba61165e88e65941f16e9b36ea6ddb97f00452bae8b1287d3", size = 70442, upload-time = "2024-09-15T18:07:37.964Z" },
]

[[package]]
name = "pydantic"
version = "1.10.22"
source = { registry = "https://pypi.org/simple" }
dependencies = [
    { name = "typing-extensions" },
]
sdist = { url = "https://files.pythonhosted.org/packages/9a/57/5996c63f0deec09e9e901a2b838247c97c6844999562eac4e435bcb83938/pydantic-1.10.22.tar.gz", hash = "sha256:ee1006cebd43a8e7158fb7190bb8f4e2da9649719bff65d0c287282ec38dec6d", size = 356771, upload-time = "2025-04-24T13:38:43.605Z" }
wheels = [
    { url = "https://files.pythonhosted.org/packages/88/92/91eb5c75a1460292e1f2f3e577122574ebb942fbac19ad2369ff00b9eb24/pydantic-1.10.22-cp310-cp310-macosx_10_9_x86_64.whl", hash = "sha256:57889565ccc1e5b7b73343329bbe6198ebc472e3ee874af2fa1865cfe7048228", size = 2852481, upload-time = "2025-04-24T13:36:55.045Z" },
    { url = "https://files.pythonhosted.org/packages/08/f3/dd54b49fc5caaed06f5a0d0a5ec35a81cf722cd6b42455f408dad1ef3f7d/pydantic-1.10.22-cp310-cp310-macosx_11_0_arm64.whl", hash = "sha256:90729e22426de79bc6a3526b4c45ec4400caf0d4f10d7181ba7f12c01bb3897d", size = 2585586, upload-time = "2025-04-24T13:36:58.453Z" },
    { url = "https://files.pythonhosted.org/packages/ec/9b/48d10180cc614ffb66da486e99bc1f8b639fb44edf322864f2fb161e2351/pydantic-1.10.22-cp310-cp310-manylinux_2_17_x86_64.manylinux2014_x86_64.whl", hash = "sha256:8f8684d347f351554ec94fdcb507983d3116dc4577fb8799fed63c65869a2d10", size = 3336974, upload-time = "2025-04-24T13:37:00.652Z" },
    { url = "https://files.pythonhosted.org/packages/ff/80/b55ad0029ae8e7b8b5c81ad7c4e800774a52107d26f70c6696857dc733d5/pydantic-1.10.22-cp310-cp310-manylinux_2_5_i686.manylinux1_i686.manylinux_2_17_i686.manylinux2014_i686.whl", hash = "sha256:c8dad498ceff2d9ef1d2e2bc6608f5b59b8e1ba2031759b22dfb8c16608e1802", size = 3362338, upload-time = "2025-04-24T13:37:02.42Z" },
    { url = "https://files.pythonhosted.org/packages/65/e0/8a5cd2cd29a5632581ba466f5792194b2a568aa052ce9da9ba98b634debf/pydantic-1.10.22-cp310-cp310-musllinux_1_2_i686.whl", hash = "sha256:fac529cc654d4575cf8de191cce354b12ba705f528a0a5c654de6d01f76cd818", size = 3519505, upload-time = "2025-04-24T13:37:04.322Z" },
    { url = "https://files.pythonhosted.org/packages/38/c5/c776d03ec374f22860802b2cee057b41e866be3c80826b53d4c001692db3/pydantic-1.10.22-cp310-cp310-musllinux_1_2_x86_64.whl", hash = "sha256:4148232aded8dd1dd13cf910a01b32a763c34bd79a0ab4d1ee66164fcb0b7b9d", size = 3485878, upload-time = "2025-04-24T13:37:06.102Z" },
    { url = "https://files.pythonhosted.org/packages/d1/a2/1efd064513a2c1bcb5c2b0e022cdf77d132ef7f7f20d91bb439d759f6a88/pydantic-1.10.22-cp310-cp310-win_amd64.whl", hash = "sha256:ece68105d9e436db45d8650dc375c760cc85a6793ae019c08769052902dca7db", size = 2299673, upload-time = "2025-04-24T13:37:07.969Z" },
    { url = "https://files.pythonhosted.org/packages/e9/e0/1ed151a56869be1588ad2d8cda9f8c1d95b16f74f09a7cea879ca9b63a8b/pydantic-1.10.22-py3-none-any.whl", hash = "sha256:343037d608bcbd34df937ac259708bfc83664dadf88afe8516c4f282d7d471a9", size = 166503, upload-time = "2025-04-24T13:38:41.374Z" },
]

[[package]]
name = "python-dotenv"
version = "0.20.0"
source = { registry = "https://pypi.org/simple" }
sdist = { url = "https://files.pythonhosted.org/packages/02/ee/43e1c862a3e7259a1f264958eaea144f0a2fac9f175c1659c674c34ea506/python-dotenv-0.20.0.tar.gz", hash = "sha256:b7e3b04a59693c42c36f9ab1cc2acc46fa5df8c78e178fc33a8d4cd05c8d498f", size = 32069, upload-time = "2022-03-24T21:32:37.509Z" }
wheels = [
    { url = "https://files.pythonhosted.org/packages/30/5f/2e5c564bd86349fe6b82ca840f46acf6f4bb76d79ba9057fce3d3e008864/python_dotenv-0.20.0-py3-none-any.whl", hash = "sha256:d92a187be61fe482e4fd675b6d52200e7be63a12b724abbf931a40ce4fa92938", size = 17840, upload-time = "2022-03-24T21:32:35.896Z" },
]

[[package]]
name = "python-url-shortener"
version = "0.1.0"
source = { virtual = "." }
dependencies = [
    { name = "fastapi" },
    { name = "python-dotenv" },
    { name = "sqlalchemy" },
    { name = "uvicorn" },
    { name = "validators" },
]

[package.metadata]
requires-dist = [
    { name = "fastapi", specifier = "==0.78.0" },
    { name = "python-dotenv", specifier = "==0.20.0" },
    { name = "sqlalchemy", specifier = "==1.4.37" },
    { name = "uvicorn", specifier = "==0.17.6" },
    { name = "validators", specifier = "==0.20.0" },
]

[[package]]
name = "sniffio"
version = "1.3.1"
source = { registry = "https://pypi.org/simple" }
sdist = { url = "https://files.pythonhosted.org/packages/a2/87/a6771e1546d97e7e041b6ae58d80074f81b7d5121207425c964ddf5cfdbd/sniffio-1.3.1.tar.gz", hash = "sha256:f4324edc670a0f49750a81b895f35c3adb843cca46f0530f79fc1babb23789dc", size = 20372, upload-time = "2024-02-25T23:20:04.057Z" }
wheels = [
    { url = "https://files.pythonhosted.org/packages/e9/44/75a9c9421471a6c4805dbf2356f7c181a29c1879239abab1ea2cc8f38b40/sniffio-1.3.1-py3-none-any.whl", hash = "sha256:2f6da418d1f1e0fddd844478f41680e794e6051915791a034ff65e5f100525a2", size = 10235, upload-time = "2024-02-25T23:20:01.196Z" },
]

[[package]]
name = "sqlalchemy"
version = "1.4.37"
source = { registry = "https://pypi.org/simple" }
dependencies = [
    { name = "greenlet", marker = "platform_machine == 'AMD64' or platform_machine == 'WIN32' or platform_machine == 'aarch64' or platform_machine == 'amd64' or platform_machine == 'ppc64le' or platform_machine == 'win32' or platform_machine == 'x86_64'" },
]
sdist = { url = "https://files.pythonhosted.org/packages/8c/6b/dd25a730940556f4a0130968f29040e4aa6478285a33ac041d1b0817d398/SQLAlchemy-1.4.37.tar.gz", hash = "sha256:3688f92c62db6c5df268e2264891078f17ecb91e3141b400f2e28d0f75796dea", size = 8155965, upload-time = "2022-05-31T21:27:47.857Z" }
wheels = [
    { url = "https://files.pythonhosted.org/packages/7d/17/50a2cf230101515517d188d46742fd8eb05a139176d3324fca59b63a47ec/SQLAlchemy-1.4.37-cp310-cp310-macosx_10_15_x86_64.whl", hash = "sha256:78363f400fbda80f866e8e91d37d36fe6313ff847ded08674e272873c1377ea5", size = 1540724, upload-time = "2022-05-31T22:05:40.51Z" },
    { url = "https://files.pythonhosted.org/packages/29/14/d62efb904935f7876728272a705863ffe310d8cf3c2c54c2c495376d12bc/SQLAlchemy-1.4.37-cp310-cp310-manylinux_2_17_aarch64.manylinux2014_aarch64.whl", hash = "sha256:7ee34c85cbda7779d66abac392c306ec78c13f5c73a1f01b8b767916d4895d23", size = 1594536, upload-time = "2022-05-31T22:24:27.744Z" },
    { url = "https://files.pythonhosted.org/packages/ea/61/b164b4fcf4a2161692fa8903c79cebc5a7c711c3701493f72292efb32e6a/SQLAlchemy-1.4.37-cp310-cp310-manylinux_2_5_x86_64.manylinux1_x86_64.manylinux_2_12_x86_64.manylinux2010_x86_64.whl", hash = "sha256:8b38e088659b30c2ca0af63e5d139fad1779a7925d75075a08717a21c406c0f6", size = 1606092, upload-time = "2022-05-31T22:01:17.017Z" },
    { url = "https://files.pythonhosted.org/packages/f3/60/622337c2cc2ace7997c9434ea3aef8d68cc068901cdbcdf95619248504da/SQLAlchemy-1.4.37-cp310-cp310-manylinux_2_5_x86_64.manylinux1_x86_64.manylinux_2_17_x86_64.manylinux2014_x86_64.whl", hash = "sha256:6629c79967a6c92e33fad811599adf9bc5cee6e504a1027bbf9cc1b6fb2d276d", size = 1606092, upload-time = "2022-05-31T22:01:19.007Z" },
    { url = "https://files.pythonhosted.org/packages/81/13/45ef5db732bd80944d72c7f7a79e72e0d4d3c68db475eca5744be71d983d/SQLAlchemy-1.4.37-cp310-cp310-win32.whl", hash = "sha256:2aac2a685feb9882d09f457f4e5586c885d578af4e97a2b759e91e8c457cbce5", size = 1557894, upload-time = "2022-05-31T22:12:55.45Z" },
    { url = "https://files.pythonhosted.org/packages/5b/50/f611e2a374e9b408019ffa8c69f243fdece6e8e03a381b7dd362e4758701/SQLAlchemy-1.4.37-cp310-cp310-win_amd64.whl", hash = "sha256:7a44683cf97744a405103ef8fdd31199e9d7fc41b4a67e9044523b29541662b0", size = 1560159, upload-time = "2022-05-31T22:08:41.366Z" },
]

[[package]]
name = "starlette"
version = "0.19.1"
source = { registry = "https://pypi.org/simple" }
dependencies = [
    { name = "anyio" },
]
sdist = { url = "https://files.pythonhosted.org/packages/2b/18/405f4fb59119b8efa203c10a04a32a927976b5450cf649c8b4c9d079d21e/starlette-0.19.1.tar.gz", hash = "sha256:c6d21096774ecb9639acad41b86b7706e52ba3bf1dc13ea4ed9ad593d47e24c7", size = 51862, upload-time = "2022-04-22T05:28:00.095Z" }
wheels = [
    { url = "https://files.pythonhosted.org/packages/f1/9d/1fa96008b302dd3e398f89f3fc5afb19fb0b0f341fefa05c65b3a38d64cf/starlette-0.19.1-py3-none-any.whl", hash = "sha256:5a60c5c2d051f3a8eb546136aa0c9399773a689595e099e0877704d5888279bf", size = 63331, upload-time = "2022-04-22T05:27:58.423Z" },
]

[[package]]
name = "typing-extensions"
version = "4.14.1"
source = { registry = "https://pypi.org/simple" }
sdist = { url = "https://files.pythonhosted.org/packages/98/5a/da40306b885cc8c09109dc2e1abd358d5684b1425678151cdaed4731c822/typing_extensions-4.14.1.tar.gz", hash = "sha256:38b39f4aeeab64884ce9f74c94263ef78f3c22467c8724005483154c26648d36", size = 107673, upload-time = "2025-07-04T13:28:34.16Z" }
wheels = [
    { url = "https://files.pythonhosted.org/packages/b5/00/d631e67a838026495268c2f6884f3711a15a9a2a96cd244fdaea53b823fb/typing_extensions-4.14.1-py3-none-any.whl", hash = "sha256:d1e1e3b58374dc93031d6eda2420a48ea44a36c2b4766a4fdeb3710755731d76", size = 43906, upload-time = "2025-07-04T13:28:32.743Z" },
]

[[package]]
name = "uvicorn"
version = "0.17.6"
source = { registry = "https://pypi.org/simple" }
dependencies = [
    { name = "asgiref" },
    { name = "click" },
    { name = "h11" },
]
sdist = { url = "https://files.pythonhosted.org/packages/6d/7d/b97c120cad5fd1f66462afb0d5ddd043078f2380b89fccd8a97ef5c95b5c/uvicorn-0.17.6.tar.gz", hash = "sha256:5180f9d059611747d841a4a4c4ab675edf54c8489e97f96d0583ee90ac3bfc23", size = 39534, upload-time = "2022-03-11T08:52:43.792Z" }
wheels = [
    { url = "https://files.pythonhosted.org/packages/36/ab/c13847c53d0624ee5a2e19c9c8d19a8cea5f865b95d08b839fac375a9e83/uvicorn-0.17.6-py3-none-any.whl", hash = "sha256:19e2a0e96c9ac5581c01eb1a79a7d2f72bb479691acd2b8921fce48ed5b961a6", size = 53582, upload-time = "2022-03-11T08:52:41.9Z" },
]

[[package]]
name = "validators"
version = "0.20.0"
source = { registry = "https://pypi.org/simple" }
dependencies = [
    { name = "decorator" },
]
sdist = { url = "https://files.pythonhosted.org/packages/95/14/ed0af6865d378cfc3c504aed0d278a890cbefb2f1934bf2dbe92ecf9d6b1/validators-0.20.0.tar.gz", hash = "sha256:24148ce4e64100a2d5e267233e23e7afeb55316b47d30faae7eb6e7292bc226a", size = 30665, upload-time = "2022-06-05T17:12:13.176Z" }
